
Microsoft Visual Studio Solution File, Format Version 12.00
Project("{FAE04EC0-301F-11D3-BF4B-00C04F79EFBC}") = "UsurtExelOpener", "UsurtExelOpener\UsurtExelOpener.csproj", "{D39A1D81-D29D-46AE-8228-A6D7BF1A5EC3}"
EndProject
Global
	GlobalSection(SolutionConfigurationPlatforms) = preSolution
		Debug|Any CPU = Debug|Any CPU
		Release|Any CPU = Release|Any CPU
	EndGlobalSection
	GlobalSection(ProjectConfigurationPlatforms) = postSolution
		{D39A1D81-D29D-46AE-8228-A6D7BF1A5EC3}.Debug|Any CPU.ActiveCfg = Debug|Any CPU
		{D39A1D81-D29D-46AE-8228-A6D7BF1A5EC3}.Debug|Any CPU.Build.0 = Debug|Any CPU
		{D39A1D81-D29D-46AE-8228-A6D7BF1A5EC3}.Release|Any CPU.ActiveCfg = Release|Any CPU
		{D39A1D81-D29D-46AE-8228-A6D7BF1A5EC3}.Release|Any CPU.Build.0 = Release|Any CPU
	EndGlobalSection
EndGlobal
